
Microsoft Visual Studio Solution File, Format Version 12.00
# Visual Studio Version 17
VisualStudioVersion = 17.9.34728.123
MinimumVisualStudioVersion = 10.0.40219.1
Project("{FAE04EC0-301F-11D3-BF4B-00C04F79EFBC}") = "RoyaleLauncher", "RoyaleLauncher.csproj", "{B3CAD07A-5B32-4FA9-9CD3-1274BBC7681B}"
EndProject
Global
	GlobalSection(SolutionConfigurationPlatforms) = preSolution
		Debug|Any CPU = Debug|Any CPU
		Release|Any CPU = Release|Any CPU
	EndGlobalSection
	GlobalSection(ProjectConfigurationPlatforms) = postSolution
		{B3CAD07A-5B32-4FA9-9CD3-1274BBC7681B}.Debug|Any CPU.ActiveCfg = Debug|Any CPU
		{B3CAD07A-5B32-4FA9-9CD3-1274BBC7681B}.Debug|Any CPU.Build.0 = Debug|Any CPU
		{B3CAD07A-5B32-4FA9-9CD3-1274BBC7681B}.Release|Any CPU.ActiveCfg = Release|Any CPU
		{B3CAD07A-5B32-4FA9-9CD3-1274BBC7681B}.Release|Any CPU.Build.0 = Release|Any CPU
	EndGlobalSection
	GlobalSection(SolutionProperties) = preSolution
		HideSolutionNode = FALSE
	EndGlobalSection
	GlobalSection(ExtensibilityGlobals) = postSolution
		SolutionGuid = {3AE2DD8F-9957-48E8-869B-8124FDCD5768}
	EndGlobalSection
EndGlobal
